
Microsoft Visual Studio Solution File, Format Version 12.00
# Visual Studio Version 17
VisualStudioVersion = 17.8.34330.188
MinimumVisualStudioVersion = 10.0.40219.1
Project("{FAE04EC0-301F-11D3-BF4B-00C04F79EFBC}") = "QuanLyCuaHangTapHoa", "QuanLyCuaHangTapHoa\QuanLyCuaHangTapHoa.csproj", "{D8934C40-ABA5-45AD-AA9D-3E546384F422}"
EndProject
Global
	GlobalSection(SolutionConfigurationPlatforms) = preSolution
		Debug|Any CPU = Debug|Any CPU
		Release|Any CPU = Release|Any CPU
	EndGlobalSection
	GlobalSection(ProjectConfigurationPlatforms) = postSolution
		{D8934C40-ABA5-45AD-AA9D-3E546384F422}.Debug|Any CPU.ActiveCfg = Debug|Any CPU
		{D8934C40-ABA5-45AD-AA9D-3E546384F422}.Debug|Any CPU.Build.0 = Debug|Any CPU
		{D8934C40-ABA5-45AD-AA9D-3E546384F422}.Release|Any CPU.ActiveCfg = Release|Any CPU
		{D8934C40-ABA5-45AD-AA9D-3E546384F422}.Release|Any CPU.Build.0 = Release|Any CPU
	EndGlobalSection
	GlobalSection(SolutionProperties) = preSolution
		HideSolutionNode = FALSE
	EndGlobalSection
	GlobalSection(ExtensibilityGlobals) = postSolution
		SolutionGuid = {06A0CC6D-4A91-4A01-A52D-7760EB370132}
	EndGlobalSection
EndGlobal
